{
  "name": "text-duplication",
  "lockfileVersion": 2,
  "requires": true,
  "packages": {
    "": {
      "dependencies": {
        "pnpm": "^7.17.0"
      }
    },
    "node_modules/pnpm": {
      "version": "7.17.0",
      "resolved": "https://registry.npmmirror.com/pnpm/-/pnpm-7.17.0.tgz",
      "integrity": "sha512-0oy+VI/6r248MzFrr3jBTQ5qxC1wM+wP3YoGcoohPEMk+5LfQBYHsazdu8QDtuigr2jjaDi0hfg/c8k89jxiEA==",
      "bin": {
        "pnpm": "bin/pnpm.cjs",
        "pnpx": "bin/pnpx.cjs"
      },
      "engines": {
        "node": ">=14.6"
      }
    }
  },
  "dependencies": {
    "pnpm": {
      "version": "7.17.0",
      "resolved": "https://registry.npmmirror.com/pnpm/-/pnpm-7.17.0.tgz",
      "integrity": "sha512-0oy+VI/6r248MzFrr3jBTQ5qxC1wM+wP3YoGcoohPEMk+5LfQBYHsazdu8QDtuigr2jjaDi0hfg/c8k89jxiEA=="
    }
  }
}
